
Microsoft Visual Studio Solution File, Format Version 12.00
# Visual Studio 14
VisualStudioVersion = 14.0.25420.1
MinimumVisualStudioVersion = 10.0.40219.1
Project("{FAE04EC0-301F-11D3-BF4B-00C04F79EFBC}") = "ContactsApp.Droid", "ContactsApp\ContactsApp.Droid\ContactsApp.Droid.csproj", "{33A1DE39-EE46-464E-868F-BE4337F72625}"
EndProject
Project("{FAE04EC0-301F-11D3-BF4B-00C04F79EFBC}") = "ContactsApp.iOS", "ContactsApp\ContactsApp.iOS\ContactsApp.iOS.csproj", "{49A4599F-EC9F-48FF-A368-7E97FA82149B}"
EndProject
Project("{FAE04EC0-301F-11D3-BF4B-00C04F79EFBC}") = "ContactsApp.UWP", "ContactsApp\ContactsApp.UWP\ContactsApp.UWP.csproj", "{7263F2D5-B596-4F79-B0DF-4BC249AF1333}"
EndProject
Project("{FAE04EC0-301F-11D3-BF4B-00C04F79EFBC}") = "ContactsApp", "ContactsApp\ContactsApp\ContactsApp.csproj", "{BCF8E099-6681-4F0B-B45C-46421598D184}"
EndProject
Global
	GlobalSection(SolutionConfigurationPlatforms) = preSolution
		Ad-Hoc|Any CPU = Ad-Hoc|Any CPU
		Ad-Hoc|ARM = Ad-Hoc|ARM
		Ad-Hoc|iPhone = Ad-Hoc|iPhone
		Ad-Hoc|iPhoneSimulator = Ad-Hoc|iPhoneSimulator
		Ad-Hoc|x64 = Ad-Hoc|x64
		Ad-Hoc|x86 = Ad-Hoc|x86
		AppStore|Any CPU = AppStore|Any CPU
		AppStore|ARM = AppStore|ARM
		AppStore|iPhone = AppStore|iPhone
		AppStore|iPhoneSimulator = AppStore|iPhoneSimulator
		AppStore|x64 = AppStore|x64
		AppStore|x86 = AppStore|x86
		Debug|Any CPU = Debug|Any CPU
		Debug|ARM = Debug|ARM
		Debug|iPhone = Debug|iPhone
		Debug|iPhoneSimulator = Debug|iPhoneSimulator
		Debug|x64 = Debug|x64
		Debug|x86 = Debug|x86
		Release|Any CPU = Release|Any CPU
		Release|ARM = Release|ARM
		Release|iPhone = Release|iPhone
		Release|iPhoneSimulator = Release|iPhoneSimulator
		Release|x64 = Release|x64
		Release|x86 = Release|x86
	EndGlobalSection
	GlobalSection(ProjectConfigurationPlatforms) = postSolution
		{33A1DE39-EE46-464E-868F-BE4337F72625}.Ad-Hoc|Any CPU.ActiveCfg = Release|Any CPU
		{33A1DE39-EE46-464E-868F-BE4337F72625}.Ad-Hoc|Any CPU.Build.0 = Release|Any CPU
		{33A1DE39-EE46-464E-868F-BE4337F72625}.Ad-Hoc|Any CPU.Deploy.0 = Release|Any CPU
		{33A1DE39-EE46-464E-868F-BE4337F72625}.Ad-Hoc|ARM.ActiveCfg = Release|Any CPU
		{33A1DE39-EE46-464E-868F-BE4337F72625}.Ad-Hoc|ARM.Build.0 = Release|Any CPU
		{33A1DE39-EE46-464E-868F-BE4337F72625}.Ad-Hoc|ARM.Deploy.0 = Release|Any CPU
		{33A1DE39-EE46-464E-868F-BE4337F72625}.Ad-Hoc|iPhone.ActiveCfg = Release|Any CPU
		{33A1DE39-EE46-464E-868F-BE4337F72625}.Ad-Hoc|iPhone.Build.0 = Release|Any CPU
		{33A1DE39-EE46-464E-868F-BE4337F72625}.Ad-Hoc|iPhone.Deploy.0 = Release|Any CPU
		{33A1DE39-EE46-464E-868F-BE4337F72625}.Ad-Hoc|iPhoneSimulator.ActiveCfg = Release|Any CPU
		{33A1DE39-EE46-464E-868F-BE4337F72625}.Ad-Hoc|iPhoneSimulator.Build.0 = Release|Any CPU
		{33A1DE39-EE46-464E-868F-BE4337F72625}.Ad-Hoc|iPhoneSimulator.Deploy.0 = Release|Any CPU
		{33A1DE39-EE46-464E-868F-BE4337F72625}.Ad-Hoc|x64.ActiveCfg = Release|Any CPU
		{33A1DE39-EE46-464E-868F-BE4337F72625}.Ad-Hoc|x64.Build.0 = Release|Any CPU
		{33A1DE39-EE46-464E-868F-BE4337F72625}.Ad-Hoc|x64.Deploy.0 = Release|Any CPU
		{33A1DE39-EE46-464E-868F-BE4337F72625}.Ad-Hoc|x86.ActiveCfg = Release|Any CPU
		{33A1DE39-EE46-464E-868F-BE4337F72625}.Ad-Hoc|x86.Build.0 = Release|Any CPU
		{33A1DE39-EE46-464E-868F-BE4337F72625}.Ad-Hoc|x86.Deploy.0 = Release|Any CPU
		{33A1DE39-EE46-464E-868F-BE4337F72625}.AppStore|Any CPU.ActiveCfg = Release|Any CPU
		{33A1DE39-EE46-464E-868F-BE4337F72625}.AppStore|Any CPU.Build.0 = Release|Any CPU
		{33A1DE39-EE46-464E-868F-BE4337F72625}.AppStore|Any CPU.Deploy.0 = Release|Any CPU
		{33A1DE39-EE46-464E-868F-BE4337F72625}.AppStore|ARM.ActiveCfg = Release|Any CPU
		{33A1DE39-EE46-464E-868F-BE4337F72625}.AppStore|ARM.Build.0 = Release|Any CPU
		{33A1DE39-EE46-464E-868F-BE4337F72625}.AppStore|ARM.Deploy.0 = Release|Any CPU
		{33A1DE39-EE46-464E-868F-BE4337F72625}.AppStore|iPhone.ActiveCfg = Release|Any CPU
		{33A1DE39-EE46-464E-868F-BE4337F72625}.AppStore|iPhone.Build.0 = Release|Any CPU
		{33A1DE39-EE46-464E-868F-BE4337F72625}.AppStore|iPhone.Deploy.0 = Release|Any CPU
		{33A1DE39-EE46-464E-868F-BE4337F72625}.AppStore|iPhoneSimulator.ActiveCfg = Release|Any CPU
		{33A1DE39-EE46-464E-868F-BE4337F72625}.AppStore|iPhoneSimulator.Build.0 = Release|Any CPU
		{33A1DE39-EE46-464E-868F-BE4337F72625}.AppStore|iPhoneSimulator.Deploy.0 = Release|Any CPU
		{33A1DE39-EE46-464E-868F-BE4337F72625}.AppStore|x64.ActiveCfg = Release|Any CPU
		{33A1DE39-EE46-464E-868F-BE4337F72625}.AppStore|x64.Build.0 = Release|Any CPU
		{33A1DE39-EE46-464E-868F-BE4337F72625}.AppStore|x64.Deploy.0 = Release|Any CPU
		{33A1DE39-EE46-464E-868F-BE4337F72625}.AppStore|x86.ActiveCfg = Release|Any CPU
		{33A1DE39-EE46-464E-868F-BE4337F72625}.AppStore|x86.Build.0 = Release|Any CPU
		{33A1DE39-EE46-464E-868F-BE4337F72625}.AppStore|x86.Deploy.0 = Release|Any CPU
		{33A1DE39-EE46-464E-868F-BE4337F72625}.Debug|Any CPU.ActiveCfg = Debug|Any CPU
		{33A1DE39-EE46-464E-868F-BE4337F72625}.Debug|Any CPU.Build.0 = Debug|Any CPU
		{33A1DE39-EE46-464E-868F-BE4337F72625}.Debug|Any CPU.Deploy.0 = Debug|Any CPU
		{33A1DE39-EE46-464E-868F-BE4337F72625}.Debug|ARM.ActiveCfg = Debug|Any CPU
		{33A1DE39-EE46-464E-868F-BE4337F72625}.Debug|ARM.Build.0 = Debug|Any CPU
		{33A1DE39-EE46-464E-868F-BE4337F72625}.Debug|ARM.Deploy.0 = Debug|Any CPU
		{33A1DE39-EE46-464E-868F-BE4337F72625}.Debug|iPhone.ActiveCfg = Debug|Any CPU
		{33A1DE39-EE46-464E-868F-BE4337F72625}.Debug|iPhone.Build.0 = Debug|Any CPU
		{33A1DE39-EE46-464E-868F-BE4337F72625}.Debug|iPhone.Deploy.0 = Debug|Any CPU
		{33A1DE39-EE46-464E-868F-BE4337F72625}.Debug|iPhoneSimulator.ActiveCfg = Debug|Any CPU
		{33A1DE39-EE46-464E-868F-BE4337F72625}.Debug|iPhoneSimulator.Build.0 = Debug|Any CPU
		{33A1DE39-EE46-464E-868F-BE4337F72625}.Debug|iPhoneSimulator.Deploy.0 = Debug|Any CPU
		{33A1DE39-EE46-464E-868F-BE4337F72625}.Debug|x64.ActiveCfg = Debug|Any CPU
		{33A1DE39-EE46-464E-868F-BE4337F72625}.Debug|x64.Build.0 = Debug|Any CPU
		{33A1DE39-EE46-464E-868F-BE4337F72625}.Debug|x64.Deploy.0 = Debug|Any CPU
		{33A1DE39-EE46-464E-868F-BE4337F72625}.Debug|x86.ActiveCfg = Debug|Any CPU
		{33A1DE39-EE46-464E-868F-BE4337F72625}.Debug|x86.Build.0 = Debug|Any CPU
		{33A1DE39-EE46-464E-868F-BE4337F72625}.Debug|x86.Deploy.0 = Debug|Any CPU
		{33A1DE39-EE46-464E-868F-BE4337F72625}.Release|Any CPU.ActiveCfg = Release|Any CPU
		{33A1DE39-EE46-464E-868F-BE4337F72625}.Release|Any CPU.Build.0 = Release|Any CPU
		{33A1DE39-EE46-464E-868F-BE4337F72625}.Release|Any CPU.Deploy.0 = Release|Any CPU
		{33A1DE39-EE46-464E-868F-BE4337F72625}.Release|ARM.ActiveCfg = Release|Any CPU
		{33A1DE39-EE46-464E-868F-BE4337F72625}.Release|ARM.Build.0 = Release|Any CPU
		{33A1DE39-EE46-464E-868F-BE4337F72625}.Release|ARM.Deploy.0 = Release|Any CPU
		{33A1DE39-EE46-464E-868F-BE4337F72625}.Release|iPhone.ActiveCfg = Release|Any CPU
		{33A1DE39-EE46-464E-868F-BE4337F72625}.Release|iPhone.Build.0 = Release|Any CPU
		{33A1DE39-EE46-464E-868F-BE4337F72625}.Release|iPhone.Deploy.0 = Release|Any CPU
		{33A1DE39-EE46-464E-868F-BE4337F72625}.Release|iPhoneSimulator.ActiveCfg = Release|Any CPU
		{33A1DE39-EE46-464E-868F-BE4337F72625}.Release|iPhoneSimulator.Build.0 = Release|Any CPU
		{33A1DE39-EE46-464E-868F-BE4337F72625}.Release|iPhoneSimulator.Deploy.0 = Release|Any CPU
		{33A1DE39-EE46-464E-868F-BE4337F72625}.Release|x64.ActiveCfg = Release|Any CPU
		{33A1DE39-EE46-464E-868F-BE4337F72625}.Release|x64.Build.0 = Release|Any CPU
		{33A1DE39-EE46-464E-868F-BE4337F72625}.Release|x64.Deploy.0 = Release|Any CPU
		{33A1DE39-EE46-464E-868F-BE4337F72625}.Release|x86.ActiveCfg = Release|Any CPU
		{33A1DE39-EE46-464E-868F-BE4337F72625}.Release|x86.Build.0 = Release|Any CPU
		{33A1DE39-EE46-464E-868F-BE4337F72625}.Release|x86.Deploy.0 = Release|Any CPU
		{49A4599F-EC9F-48FF-A368-7E97FA82149B}.Ad-Hoc|Any CPU.ActiveCfg = Ad-Hoc|iPhone
		{49A4599F-EC9F-48FF-A368-7E97FA82149B}.Ad-Hoc|ARM.ActiveCfg = Ad-Hoc|iPhone
		{49A4599F-EC9F-48FF-A368-7E97FA82149B}.Ad-Hoc|iPhone.ActiveCfg = Ad-Hoc|iPhone
		{49A4599F-EC9F-48FF-A368-7E97FA82149B}.Ad-Hoc|iPhone.Build.0 = Ad-Hoc|iPhone
		{49A4599F-EC9F-48FF-A368-7E97FA82149B}.Ad-Hoc|iPhoneSimulator.ActiveCfg = Ad-Hoc|iPhoneSimulator
		{49A4599F-EC9F-48FF-A368-7E97FA82149B}.Ad-Hoc|iPhoneSimulator.Build.0 = Ad-Hoc|iPhoneSimulator
		{49A4599F-EC9F-48FF-A368-7E97FA82149B}.Ad-Hoc|x64.ActiveCfg = Ad-Hoc|iPhone
		{49A4599F-EC9F-48FF-A368-7E97FA82149B}.Ad-Hoc|x86.ActiveCfg = Ad-Hoc|iPhone
		{49A4599F-EC9F-48FF-A368-7E97FA82149B}.AppStore|Any CPU.ActiveCfg = AppStore|iPhone
		{49A4599F-EC9F-48FF-A368-7E97FA82149B}.AppStore|ARM.ActiveCfg = AppStore|iPhone
		{49A4599F-EC9F-48FF-A368-7E97FA82149B}.AppStore|iPhone.ActiveCfg = AppStore|iPhone
		{49A4599F-EC9F-48FF-A368-7E97FA82149B}.AppStore|iPhone.Build.0 = AppStore|iPhone
		{49A4599F-EC9F-48FF-A368-7E97FA82149B}.AppStore|iPhoneSimulator.ActiveCfg = AppStore|iPhoneSimulator
		{49A4599F-EC9F-48FF-A368-7E97FA82149B}.AppStore|iPhoneSimulator.Build.0 = AppStore|iPhoneSimulator
		{49A4599F-EC9F-48FF-A368-7E97FA82149B}.AppStore|x64.ActiveCfg = AppStore|iPhone
		{49A4599F-EC9F-48FF-A368-7E97FA82149B}.AppStore|x86.ActiveCfg = AppStore|iPhone
		{49A4599F-EC9F-48FF-A368-7E97FA82149B}.Debug|Any CPU.ActiveCfg = Debug|iPhone
		{49A4599F-EC9F-48FF-A368-7E97FA82149B}.Debug|ARM.ActiveCfg = Debug|iPhone
		{49A4599F-EC9F-48FF-A368-7E97FA82149B}.Debug|iPhone.ActiveCfg = Debug|iPhone
		{49A4599F-EC9F-48FF-A368-7E97FA82149B}.Debug|iPhone.Build.0 = Debug|iPhone
		{49A4599F-EC9F-48FF-A368-7E97FA82149B}.Debug|iPhoneSimulator.ActiveCfg = Debug|iPhoneSimulator
		{49A4599F-EC9F-48FF-A368-7E97FA82149B}.Debug|iPhoneSimulator.Build.0 = Debug|iPhoneSimulator
		{49A4599F-EC9F-48FF-A368-7E97FA82149B}.Debug|x64.ActiveCfg = Debug|iPhone
		{49A4599F-EC9F-48FF-A368-7E97FA82149B}.Debug|x86.ActiveCfg = Debug|iPhone
		{49A4599F-EC9F-48FF-A368-7E97FA82149B}.Release|Any CPU.ActiveCfg = Release|iPhone
		{49A4599F-EC9F-48FF-A368-7E97FA82149B}.Release|ARM.ActiveCfg = Release|iPhone
		{49A4599F-EC9F-48FF-A368-7E97FA82149B}.Release|iPhone.ActiveCfg = Release|iPhone
		{49A4599F-EC9F-48FF-A368-7E97FA82149B}.Release|iPhone.Build.0 = Release|iPhone
		{49A4599F-EC9F-48FF-A368-7E97FA82149B}.Release|iPhoneSimulator.ActiveCfg = Release|iPhoneSimulator
		{49A4599F-EC9F-48FF-A368-7E97FA82149B}.Release|iPhoneSimulator.Build.0 = Release|iPhoneSimulator
		{49A4599F-EC9F-48FF-A368-7E97FA82149B}.Release|x64.ActiveCfg = Release|iPhone
		{49A4599F-EC9F-48FF-A368-7E97FA82149B}.Release|x86.ActiveCfg = Release|iPhone
		{7263F2D5-B596-4F79-B0DF-4BC249AF1333}.Ad-Hoc|Any CPU.ActiveCfg = Release|x86
		{7263F2D5-B596-4F79-B0DF-4BC249AF1333}.Ad-Hoc|Any CPU.Build.0 = Release|x86
		{7263F2D5-B596-4F79-B0DF-4BC249AF1333}.Ad-Hoc|Any CPU.Deploy.0 = Release|x86
		{7263F2D5-B596-4F79-B0DF-4BC249AF1333}.Ad-Hoc|ARM.ActiveCfg = Release|ARM
		{7263F2D5-B596-4F79-B0DF-4BC249AF1333}.Ad-Hoc|ARM.Build.0 = Release|ARM
		{7263F2D5-B596-4F79-B0DF-4BC249AF1333}.Ad-Hoc|ARM.Deploy.0 = Release|ARM
		{7263F2D5-B596-4F79-B0DF-4BC249AF1333}.Ad-Hoc|iPhone.ActiveCfg = Release|x86
		{7263F2D5-B596-4F79-B0DF-4BC249AF1333}.Ad-Hoc|iPhone.Build.0 = Release|x86
		{7263F2D5-B596-4F79-B0DF-4BC249AF1333}.Ad-Hoc|iPhone.Deploy.0 = Release|x86
		{7263F2D5-B596-4F79-B0DF-4BC249AF1333}.Ad-Hoc|iPhoneSimulator.ActiveCfg = Release|x86
		{7263F2D5-B596-4F79-B0DF-4BC249AF1333}.Ad-Hoc|iPhoneSimulator.Build.0 = Release|x86
		{7263F2D5-B596-4F79-B0DF-4BC249AF1333}.Ad-Hoc|iPhoneSimulator.Deploy.0 = Release|x86
		{7263F2D5-B596-4F79-B0DF-4BC249AF1333}.Ad-Hoc|x64.ActiveCfg = Release|x64
		{7263F2D5-B596-4F79-B0DF-4BC249AF1333}.Ad-Hoc|x64.Build.0 = Release|x64
		{7263F2D5-B596-4F79-B0DF-4BC249AF1333}.Ad-Hoc|x64.Deploy.0 = Release|x64
		{7263F2D5-B596-4F79-B0DF-4BC249AF1333}.Ad-Hoc|x86.ActiveCfg = Release|x86
		{7263F2D5-B596-4F79-B0DF-4BC249AF1333}.Ad-Hoc|x86.Build.0 = Release|x86
		{7263F2D5-B596-4F79-B0DF-4BC249AF1333}.Ad-Hoc|x86.Deploy.0 = Release|x86
		{7263F2D5-B596-4F79-B0DF-4BC249AF1333}.AppStore|Any CPU.ActiveCfg = Release|x86
		{7263F2D5-B596-4F79-B0DF-4BC249AF1333}.AppStore|Any CPU.Build.0 = Release|x86
		{7263F2D5-B596-4F79-B0DF-4BC249AF1333}.AppStore|Any CPU.Deploy.0 = Release|x86
		{7263F2D5-B596-4F79-B0DF-4BC249AF1333}.AppStore|ARM.ActiveCfg = Release|ARM
		{7263F2D5-B596-4F79-B0DF-4BC249AF1333}.AppStore|ARM.Build.0 = Release|ARM
		{7263F2D5-B596-4F79-B0DF-4BC249AF1333}.AppStore|ARM.Deploy.0 = Release|ARM
		{7263F2D5-B596-4F79-B0DF-4BC249AF1333}.AppStore|iPhone.ActiveCfg = Release|x86
		{7263F2D5-B596-4F79-B0DF-4BC249AF1333}.AppStore|iPhone.Build.0 = Release|x86
		{7263F2D5-B596-4F79-B0DF-4BC249AF1333}.AppStore|iPhone.Deploy.0 = Release|x86
		{7263F2D5-B596-4F79-B0DF-4BC249AF1333}.AppStore|iPhoneSimulator.ActiveCfg = Release|x86
		{7263F2D5-B596-4F79-B0DF-4BC249AF1333}.AppStore|iPhoneSimulator.Build.0 = Release|x86
		{7263F2D5-B596-4F79-B0DF-4BC249AF1333}.AppStore|iPhoneSimulator.Deploy.0 = Release|x86
		{7263F2D5-B596-4F79-B0DF-4BC249AF1333}.AppStore|x64.ActiveCfg = Release|x64
		{7263F2D5-B596-4F79-B0DF-4BC249AF1333}.AppStore|x64.Build.0 = Release|x64
		{7263F2D5-B596-4F79-B0DF-4BC249AF1333}.AppStore|x64.Deploy.0 = Release|x64
		{7263F2D5-B596-4F79-B0DF-4BC249AF1333}.AppStore|x86.ActiveCfg = Release|x86
		{7263F2D5-B596-4F79-B0DF-4BC249AF1333}.AppStore|x86.Build.0 = Release|x86
		{7263F2D5-B596-4F79-B0DF-4BC249AF1333}.AppStore|x86.Deploy.0 = Release|x86
		{7263F2D5-B596-4F79-B0DF-4BC249AF1333}.Debug|Any CPU.ActiveCfg = Debug|x86
		{7263F2D5-B596-4F79-B0DF-4BC249AF1333}.Debug|ARM.ActiveCfg = Debug|ARM
		{7263F2D5-B596-4F79-B0DF-4BC249AF1333}.Debug|ARM.Build.0 = Debug|ARM
		{7263F2D5-B596-4F79-B0DF-4BC249AF1333}.Debug|ARM.Deploy.0 = Debug|ARM
		{7263F2D5-B596-4F79-B0DF-4BC249AF1333}.Debug|iPhone.ActiveCfg = Debug|x86
		{7263F2D5-B596-4F79-B0DF-4BC249AF1333}.Debug|iPhoneSimulator.ActiveCfg = Debug|x86
		{7263F2D5-B596-4F79-B0DF-4BC249AF1333}.Debug|x64.ActiveCfg = Debug|x64
		{7263F2D5-B596-4F79-B0DF-4BC249AF1333}.Debug|x64.Build.0 = Debug|x64
		{7263F2D5-B596-4F79-B0DF-4BC249AF1333}.Debug|x64.Deploy.0 = Debug|x64
		{7263F2D5-B596-4F79-B0DF-4BC249AF1333}.Debug|x86.ActiveCfg = Debug|x86
		{7263F2D5-B596-4F79-B0DF-4BC249AF1333}.Debug|x86.Build.0 = Debug|x86
		{7263F2D5-B596-4F79-B0DF-4BC249AF1333}.Debug|x86.Deploy.0 = Debug|x86
		{7263F2D5-B596-4F79-B0DF-4BC249AF1333}.Release|Any CPU.ActiveCfg = Release|x86
		{7263F2D5-B596-4F79-B0DF-4BC249AF1333}.Release|ARM.ActiveCfg = Release|ARM
		{7263F2D5-B596-4F79-B0DF-4BC249AF1333}.Release|ARM.Build.0 = Release|ARM
		{7263F2D5-B596-4F79-B0DF-4BC249AF1333}.Release|ARM.Deploy.0 = Release|ARM
		{7263F2D5-B596-4F79-B0DF-4BC249AF1333}.Release|iPhone.ActiveCfg = Release|x86
		{7263F2D5-B596-4F79-B0DF-4BC249AF1333}.Release|iPhoneSimulator.ActiveCfg = Release|x86
		{7263F2D5-B596-4F79-B0DF-4BC249AF1333}.Release|x64.ActiveCfg = Release|x64
		{7263F2D5-B596-4F79-B0DF-4BC249AF1333}.Release|x64.Build.0 = Release|x64
		{7263F2D5-B596-4F79-B0DF-4BC249AF1333}.Release|x64.Deploy.0 = Release|x64
		{7263F2D5-B596-4F79-B0DF-4BC249AF1333}.Release|x86.ActiveCfg = Release|x86
		{7263F2D5-B596-4F79-B0DF-4BC249AF1333}.Release|x86.Build.0 = Release|x86
		{7263F2D5-B596-4F79-B0DF-4BC249AF1333}.Release|x86.Deploy.0 = Release|x86
		{BCF8E099-6681-4F0B-B45C-46421598D184}.Ad-Hoc|Any CPU.ActiveCfg = Release|Any CPU
		{BCF8E099-6681-4F0B-B45C-46421598D184}.Ad-Hoc|Any CPU.Build.0 = Release|Any CPU
		{BCF8E099-6681-4F0B-B45C-46421598D184}.Ad-Hoc|ARM.ActiveCfg = Release|Any CPU
		{BCF8E099-6681-4F0B-B45C-46421598D184}.Ad-Hoc|ARM.Build.0 = Release|Any CPU
		{BCF8E099-6681-4F0B-B45C-46421598D184}.Ad-Hoc|iPhone.ActiveCfg = Release|Any CPU
		{BCF8E099-6681-4F0B-B45C-46421598D184}.Ad-Hoc|iPhone.Build.0 = Release|Any CPU
		{BCF8E099-6681-4F0B-B45C-46421598D184}.Ad-Hoc|iPhoneSimulator.ActiveCfg = Release|Any CPU
		{BCF8E099-6681-4F0B-B45C-46421598D184}.Ad-Hoc|iPhoneSimulator.Build.0 = Release|Any CPU
		{BCF8E099-6681-4F0B-B45C-46421598D184}.Ad-Hoc|x64.ActiveCfg = Release|Any CPU
		{BCF8E099-6681-4F0B-B45C-46421598D184}.Ad-Hoc|x64.Build.0 = Release|Any CPU
		{BCF8E099-6681-4F0B-B45C-46421598D184}.Ad-Hoc|x86.ActiveCfg = Release|Any CPU
		{BCF8E099-6681-4F0B-B45C-46421598D184}.Ad-Hoc|x86.Build.0 = Release|Any CPU
		{BCF8E099-6681-4F0B-B45C-46421598D184}.AppStore|Any CPU.ActiveCfg = Release|Any CPU
		{BCF8E099-6681-4F0B-B45C-46421598D184}.AppStore|Any CPU.Build.0 = Release|Any CPU
		{BCF8E099-6681-4F0B-B45C-46421598D184}.AppStore|ARM.ActiveCfg = Release|Any CPU
		{BCF8E099-6681-4F0B-B45C-46421598D184}.AppStore|ARM.Build.0 = Release|Any CPU
		{BCF8E099-6681-4F0B-B45C-46421598D184}.AppStore|iPhone.ActiveCfg = Release|Any CPU
		{BCF8E099-6681-4F0B-B45C-46421598D184}.AppStore|iPhone.Build.0 = Release|Any CPU
		{BCF8E099-6681-4F0B-B45C-46421598D184}.AppStore|iPhoneSimulator.ActiveCfg = Release|Any CPU
		{BCF8E099-6681-4F0B-B45C-46421598D184}.AppStore|iPhoneSimulator.Build.0 = Release|Any CPU
		{BCF8E099-6681-4F0B-B45C-46421598D184}.AppStore|x64.ActiveCfg = Release|Any CPU
		{BCF8E099-6681-4F0B-B45C-46421598D184}.AppStore|x64.Build.0 = Release|Any CPU
		{BCF8E099-6681-4F0B-B45C-46421598D184}.AppStore|x86.ActiveCfg = Release|Any CPU
		{BCF8E099-6681-4F0B-B45C-46421598D184}.AppStore|x86.Build.0 = Release|Any CPU
		{BCF8E099-6681-4F0B-B45C-46421598D184}.Debug|Any CPU.ActiveCfg = Debug|Any CPU
		{BCF8E099-6681-4F0B-B45C-46421598D184}.Debug|Any CPU.Build.0 = Debug|Any CPU
		{BCF8E099-6681-4F0B-B45C-46421598D184}.Debug|ARM.ActiveCfg = Debug|Any CPU
		{BCF8E099-6681-4F0B-B45C-46421598D184}.Debug|ARM.Build.0 = Debug|Any CPU
		{BCF8E099-6681-4F0B-B45C-46421598D184}.Debug|iPhone.ActiveCfg = Debug|Any CPU
		{BCF8E099-6681-4F0B-B45C-46421598D184}.Debug|iPhone.Build.0 = Debug|Any CPU
		{BCF8E099-6681-4F0B-B45C-46421598D184}.Debug|iPhoneSimulator.ActiveCfg = Debug|Any CPU
		{BCF8E099-6681-4F0B-B45C-46421598D184}.Debug|iPhoneSimulator.Build.0 = Debug|Any CPU
		{BCF8E099-6681-4F0B-B45C-46421598D184}.Debug|x64.ActiveCfg = Debug|Any CPU
		{BCF8E099-6681-4F0B-B45C-46421598D184}.Debug|x64.Build.0 = Debug|Any CPU
		{BCF8E099-6681-4F0B-B45C-46421598D184}.Debug|x86.ActiveCfg = Debug|Any CPU
		{BCF8E099-6681-4F0B-B45C-46421598D184}.Debug|x86.Build.0 = Debug|Any CPU
		{BCF8E099-6681-4F0B-B45C-46421598D184}.Release|Any CPU.ActiveCfg = Release|Any CPU
		{BCF8E099-6681-4F0B-B45C-46421598D184}.Release|Any CPU.Build.0 = Release|Any CPU
		{BCF8E099-6681-4F0B-B45C-46421598D184}.Release|ARM.ActiveCfg = Release|Any CPU
		{BCF8E099-6681-4F0B-B45C-46421598D184}.Release|ARM.Build.0 = Release|Any CPU
		{BCF8E099-6681-4F0B-B45C-46421598D184}.Release|iPhone.ActiveCfg = Release|Any CPU
		{BCF8E099-6681-4F0B-B45C-46421598D184}.Release|iPhone.Build.0 = Release|Any CPU
		{BCF8E099-6681-4F0B-B45C-46421598D184}.Release|iPhoneSimulator.ActiveCfg = Release|Any CPU
		{BCF8E099-6681-4F0B-B45C-46421598D184}.Release|iPhoneSimulator.Build.0 = Release|Any CPU
		{BCF8E099-6681-4F0B-B45C-46421598D184}.Release|x64.ActiveCfg = Release|Any CPU
		{BCF8E099-6681-4F0B-B45C-46421598D184}.Release|x64.Build.0 = Release|Any CPU
		{BCF8E099-6681-4F0B-B45C-46421598D184}.Release|x86.ActiveCfg = Release|Any CPU
		{BCF8E099-6681-4F0B-B45C-46421598D184}.Release|x86.Build.0 = Release|Any CPU
	EndGlobalSection
	GlobalSection(SolutionProperties) = preSolution
		HideSolutionNode = FALSE
	EndGlobalSection
EndGlobal
